
Microsoft Visual Studio Solution File, Format Version 12.00
# Visual Studio Version 16
VisualStudioVersion = 16.0.31105.61
MinimumVisualStudioVersion = 10.0.40219.1
Project("{FAE04EC0-301F-11D3-BF4B-00C04F79EFBC}") = "K_Eszter_valasztasok_2021.03.16", "K_Eszter_valasztasok_2021.03.16\K_Eszter_valasztasok_2021.03.16.csproj", "{6F62CD1E-75EE-4141-85E0-CF4A590A49E8}"
EndProject
Global
	GlobalSection(SolutionConfigurationPlatforms) = preSolution
		Debug|Any CPU = Debug|Any CPU
		Release|Any CPU = Release|Any CPU
	EndGlobalSection
	GlobalSection(ProjectConfigurationPlatforms) = postSolution
		{6F62CD1E-75EE-4141-85E0-CF4A590A49E8}.Debug|Any CPU.ActiveCfg = Debug|Any CPU
		{6F62CD1E-75EE-4141-85E0-CF4A590A49E8}.Debug|Any CPU.Build.0 = Debug|Any CPU
		{6F62CD1E-75EE-4141-85E0-CF4A590A49E8}.Release|Any CPU.ActiveCfg = Release|Any CPU
		{6F62CD1E-75EE-4141-85E0-CF4A590A49E8}.Release|Any CPU.Build.0 = Release|Any CPU
	EndGlobalSection
	GlobalSection(SolutionProperties) = preSolution
		HideSolutionNode = FALSE
	EndGlobalSection
	GlobalSection(ExtensibilityGlobals) = postSolution
		SolutionGuid = {99060846-415A-4585-ACF7-3461348F3A89}
	EndGlobalSection
EndGlobal
